
Microsoft Visual Studio Solution File, Format Version 12.00
# Visual Studio 15
VisualStudioVersion = 15.0.27130.2026
MinimumVisualStudioVersion = 10.0.40219.1
Project("{FAE04EC0-301F-11D3-BF4B-00C04F79EFBC}") = "Memberships", "Memberships\Memberships.csproj", "{B722C974-6478-4BCF-AA4F-5F6DBB25E7CD}"
EndProject
Global
	GlobalSection(SolutionConfigurationPlatforms) = preSolution
		Debug|Any CPU = Debug|Any CPU
		Release|Any CPU = Release|Any CPU
	EndGlobalSection
	GlobalSection(ProjectConfigurationPlatforms) = postSolution
		{B722C974-6478-4BCF-AA4F-5F6DBB25E7CD}.Debug|Any CPU.ActiveCfg = Debug|Any CPU
		{B722C974-6478-4BCF-AA4F-5F6DBB25E7CD}.Debug|Any CPU.Build.0 = Debug|Any CPU
		{B722C974-6478-4BCF-AA4F-5F6DBB25E7CD}.Release|Any CPU.ActiveCfg = Release|Any CPU
		{B722C974-6478-4BCF-AA4F-5F6DBB25E7CD}.Release|Any CPU.Build.0 = Release|Any CPU
	EndGlobalSection
	GlobalSection(SolutionProperties) = preSolution
		HideSolutionNode = FALSE
	EndGlobalSection
	GlobalSection(ExtensibilityGlobals) = postSolution
		SolutionGuid = {B9728025-F774-4113-84C9-1E2062D7433D}
	EndGlobalSection
EndGlobal
